
Microsoft Visual Studio Solution File, Format Version 12.00
# Visual Studio Version 16
VisualStudioVersion = 16.0.30503.244
MinimumVisualStudioVersion = 10.0.40219.1
Project("{FAE04EC0-301F-11D3-BF4B-00C04F79EFBC}") = "Task1", "Task1\Task1.csproj", "{4D30FC03-4C6B-4208-890A-FDA4470768EE}"
EndProject
Project("{FAE04EC0-301F-11D3-BF4B-00C04F79EFBC}") = "Task1.Tests", "Task1.Tests\Task1.Tests.csproj", "{A159C1BA-C3D7-4460-A8DD-AF0D01ADAE0F}"
EndProject
Global
	GlobalSection(SolutionConfigurationPlatforms) = preSolution
		Debug|Any CPU = Debug|Any CPU
		Release|Any CPU = Release|Any CPU
	EndGlobalSection
	GlobalSection(ProjectConfigurationPlatforms) = postSolution
		{4D30FC03-4C6B-4208-890A-FDA4470768EE}.Debug|Any CPU.ActiveCfg = Debug|Any CPU
		{4D30FC03-4C6B-4208-890A-FDA4470768EE}.Debug|Any CPU.Build.0 = Debug|Any CPU
		{4D30FC03-4C6B-4208-890A-FDA4470768EE}.Release|Any CPU.ActiveCfg = Release|Any CPU
		{4D30FC03-4C6B-4208-890A-FDA4470768EE}.Release|Any CPU.Build.0 = Release|Any CPU
		{A159C1BA-C3D7-4460-A8DD-AF0D01ADAE0F}.Debug|Any CPU.ActiveCfg = Debug|Any CPU
		{A159C1BA-C3D7-4460-A8DD-AF0D01ADAE0F}.Debug|Any CPU.Build.0 = Debug|Any CPU
		{A159C1BA-C3D7-4460-A8DD-AF0D01ADAE0F}.Release|Any CPU.ActiveCfg = Release|Any CPU
		{A159C1BA-C3D7-4460-A8DD-AF0D01ADAE0F}.Release|Any CPU.Build.0 = Release|Any CPU
	EndGlobalSection
	GlobalSection(SolutionProperties) = preSolution
		HideSolutionNode = FALSE
	EndGlobalSection
	GlobalSection(ExtensibilityGlobals) = postSolution
		SolutionGuid = {CC78DFB5-808C-4FE2-8573-9A3C935AF3F4}
	EndGlobalSection
EndGlobal
