
Microsoft Visual Studio Solution File, Format Version 12.00
# Visual Studio Version 16
VisualStudioVersion = 16.0.31624.102
MinimumVisualStudioVersion = 10.0.40219.1
Project("{FAE04EC0-301F-11D3-BF4B-00C04F79EFBC}") = "WebAPI", "WebAPI\WebAPI.csproj", "{8809DF79-3E1A-49AA-B2BF-622DC60A5A8E}"
EndProject
Project("{FAE04EC0-301F-11D3-BF4B-00C04F79EFBC}") = "WebAPI.Domain", "WebAPI.Domain\WebAPI.Domain.csproj", "{C94664BD-70A0-4AFA-A35F-A521D609DA03}"
EndProject
Project("{FAE04EC0-301F-11D3-BF4B-00C04F79EFBC}") = "WebAPI.BusinessLogic", "WebAPI.BusinessLogic\WebAPI.BusinessLogic.csproj", "{350E55B4-C7EA-4798-9C53-42AF28D69108}"
EndProject
Global
	GlobalSection(SolutionConfigurationPlatforms) = preSolution
		Debug|Any CPU = Debug|Any CPU
		Release|Any CPU = Release|Any CPU
	EndGlobalSection
	GlobalSection(ProjectConfigurationPlatforms) = postSolution
		{8809DF79-3E1A-49AA-B2BF-622DC60A5A8E}.Debug|Any CPU.ActiveCfg = Debug|Any CPU
		{8809DF79-3E1A-49AA-B2BF-622DC60A5A8E}.Debug|Any CPU.Build.0 = Debug|Any CPU
		{8809DF79-3E1A-49AA-B2BF-622DC60A5A8E}.Release|Any CPU.ActiveCfg = Release|Any CPU
		{8809DF79-3E1A-49AA-B2BF-622DC60A5A8E}.Release|Any CPU.Build.0 = Release|Any CPU
		{C94664BD-70A0-4AFA-A35F-A521D609DA03}.Debug|Any CPU.ActiveCfg = Debug|Any CPU
		{C94664BD-70A0-4AFA-A35F-A521D609DA03}.Debug|Any CPU.Build.0 = Debug|Any CPU
		{C94664BD-70A0-4AFA-A35F-A521D609DA03}.Release|Any CPU.ActiveCfg = Release|Any CPU
		{C94664BD-70A0-4AFA-A35F-A521D609DA03}.Release|Any CPU.Build.0 = Release|Any CPU
		{350E55B4-C7EA-4798-9C53-42AF28D69108}.Debug|Any CPU.ActiveCfg = Debug|Any CPU
		{350E55B4-C7EA-4798-9C53-42AF28D69108}.Debug|Any CPU.Build.0 = Debug|Any CPU
		{350E55B4-C7EA-4798-9C53-42AF28D69108}.Release|Any CPU.ActiveCfg = Release|Any CPU
		{350E55B4-C7EA-4798-9C53-42AF28D69108}.Release|Any CPU.Build.0 = Release|Any CPU
	EndGlobalSection
	GlobalSection(SolutionProperties) = preSolution
		HideSolutionNode = FALSE
	EndGlobalSection
	GlobalSection(ExtensibilityGlobals) = postSolution
		SolutionGuid = {5431F1D6-A01E-4A36-82EC-09B265DE7E35}
	EndGlobalSection
EndGlobal
