
Microsoft Visual Studio Solution File, Format Version 12.00
# Visual Studio Version 16
VisualStudioVersion = 16.0.31205.134
MinimumVisualStudioVersion = 10.0.40219.1
Project("{9A19103F-16F7-4668-BE54-9A1E7A4F7556}") = "DesktopApp", "DesktopApp\DesktopApp.csproj", "{D906CB1D-E4C8-4EDF-89C0-0B16AC59ABB9}"
EndProject
Project("{9A19103F-16F7-4668-BE54-9A1E7A4F7556}") = "ClassLibrary", "..\HW2_ClassLibrary\ClassLibrary\ClassLibrary.csproj", "{04960AC4-DF29-4C3F-BB49-D1872EAC937F}"
EndProject
Global
	GlobalSection(SolutionConfigurationPlatforms) = preSolution
		Debug|Any CPU = Debug|Any CPU
		Release|Any CPU = Release|Any CPU
	EndGlobalSection
	GlobalSection(ProjectConfigurationPlatforms) = postSolution
		{D906CB1D-E4C8-4EDF-89C0-0B16AC59ABB9}.Debug|Any CPU.ActiveCfg = Debug|Any CPU
		{D906CB1D-E4C8-4EDF-89C0-0B16AC59ABB9}.Debug|Any CPU.Build.0 = Debug|Any CPU
		{D906CB1D-E4C8-4EDF-89C0-0B16AC59ABB9}.Release|Any CPU.ActiveCfg = Release|Any CPU
		{D906CB1D-E4C8-4EDF-89C0-0B16AC59ABB9}.Release|Any CPU.Build.0 = Release|Any CPU
		{04960AC4-DF29-4C3F-BB49-D1872EAC937F}.Debug|Any CPU.ActiveCfg = Debug|Any CPU
		{04960AC4-DF29-4C3F-BB49-D1872EAC937F}.Debug|Any CPU.Build.0 = Debug|Any CPU
		{04960AC4-DF29-4C3F-BB49-D1872EAC937F}.Release|Any CPU.ActiveCfg = Release|Any CPU
		{04960AC4-DF29-4C3F-BB49-D1872EAC937F}.Release|Any CPU.Build.0 = Release|Any CPU
	EndGlobalSection
	GlobalSection(SolutionProperties) = preSolution
		HideSolutionNode = FALSE
	EndGlobalSection
	GlobalSection(ExtensibilityGlobals) = postSolution
		SolutionGuid = {24B7B104-B938-46A5-8F38-D1DCCFAC6D17}
	EndGlobalSection
EndGlobal
