
Microsoft Visual Studio Solution File, Format Version 12.00
# Visual Studio Version 16
VisualStudioVersion = 16.0.31205.134
MinimumVisualStudioVersion = 10.0.40219.1
Project("{9A19103F-16F7-4668-BE54-9A1E7A4F7556}") = "FileSystem", "FileSystem\FileSystem.csproj", "{EF7E6A12-DE19-41FD-86F1-3C0341542F09}"
EndProject
Project("{FAE04EC0-301F-11D3-BF4B-00C04F79EFBC}") = "FileSystem.UnitTests", "FileSystem.UnitTests\FileSystem.UnitTests.csproj", "{21B3F0D7-1D82-4B4E-9C65-F93A8C816A5F}"
EndProject
Global
	GlobalSection(SolutionConfigurationPlatforms) = preSolution
		Debug|Any CPU = Debug|Any CPU
		Release|Any CPU = Release|Any CPU
	EndGlobalSection
	GlobalSection(ProjectConfigurationPlatforms) = postSolution
		{EF7E6A12-DE19-41FD-86F1-3C0341542F09}.Debug|Any CPU.ActiveCfg = Debug|Any CPU
		{EF7E6A12-DE19-41FD-86F1-3C0341542F09}.Debug|Any CPU.Build.0 = Debug|Any CPU
		{EF7E6A12-DE19-41FD-86F1-3C0341542F09}.Release|Any CPU.ActiveCfg = Release|Any CPU
		{EF7E6A12-DE19-41FD-86F1-3C0341542F09}.Release|Any CPU.Build.0 = Release|Any CPU
		{21B3F0D7-1D82-4B4E-9C65-F93A8C816A5F}.Debug|Any CPU.ActiveCfg = Debug|Any CPU
		{21B3F0D7-1D82-4B4E-9C65-F93A8C816A5F}.Debug|Any CPU.Build.0 = Debug|Any CPU
		{21B3F0D7-1D82-4B4E-9C65-F93A8C816A5F}.Release|Any CPU.ActiveCfg = Release|Any CPU
		{21B3F0D7-1D82-4B4E-9C65-F93A8C816A5F}.Release|Any CPU.Build.0 = Release|Any CPU
	EndGlobalSection
	GlobalSection(SolutionProperties) = preSolution
		HideSolutionNode = FALSE
	EndGlobalSection
	GlobalSection(ExtensibilityGlobals) = postSolution
		SolutionGuid = {250FB6EF-5221-4333-83C0-E90103C77A56}
	EndGlobalSection
EndGlobal
